
Microsoft Visual Studio Solution File, Format Version 12.00
# Visual Studio Version 16
VisualStudioVersion = 16.0.29326.143
MinimumVisualStudioVersion = 10.0.40219.1
Project("{9A19103F-16F7-4668-BE54-9A1E7A4F7556}") = "WebAPI", "WebAPI\WebAPI.csproj", "{A0465317-5ED9-41A8-9343-699FB55F6BDD}"
EndProject
Project("{E24C65DC-7377-472B-9ABA-BC803B73C61A}") = "AngularClient", "AngularClient\", "{4C117891-B700-4F60-BC37-91562D792A2C}"
	ProjectSection(WebsiteProperties) = preProject
		TargetFrameworkMoniker = ".NETFramework,Version%3Dv4.0"
		Debug.AspNetCompiler.VirtualPath = "/localhost_12533"
		Debug.AspNetCompiler.PhysicalPath = "AngularClient\"
		Debug.AspNetCompiler.TargetPath = "PrecompiledWeb\localhost_12533\"
		Debug.AspNetCompiler.Updateable = "true"
		Debug.AspNetCompiler.ForceOverwrite = "true"
		Debug.AspNetCompiler.FixedNames = "false"
		Debug.AspNetCompiler.Debug = "True"
		Release.AspNetCompiler.VirtualPath = "/localhost_12533"
		Release.AspNetCompiler.PhysicalPath = "AngularClient\"
		Release.AspNetCompiler.TargetPath = "PrecompiledWeb\localhost_12533\"
		Release.AspNetCompiler.Updateable = "true"
		Release.AspNetCompiler.ForceOverwrite = "true"
		Release.AspNetCompiler.FixedNames = "false"
		Release.AspNetCompiler.Debug = "False"
		VWDPort = "12533"
		SlnRelativePath = "AngularClient\"
	EndProjectSection
EndProject
Global
	GlobalSection(SolutionConfigurationPlatforms) = preSolution
		Debug|Any CPU = Debug|Any CPU
		Release|Any CPU = Release|Any CPU
	EndGlobalSection
	GlobalSection(ProjectConfigurationPlatforms) = postSolution
		{A0465317-5ED9-41A8-9343-699FB55F6BDD}.Debug|Any CPU.ActiveCfg = Debug|Any CPU
		{A0465317-5ED9-41A8-9343-699FB55F6BDD}.Debug|Any CPU.Build.0 = Debug|Any CPU
		{A0465317-5ED9-41A8-9343-699FB55F6BDD}.Release|Any CPU.ActiveCfg = Release|Any CPU
		{A0465317-5ED9-41A8-9343-699FB55F6BDD}.Release|Any CPU.Build.0 = Release|Any CPU
		{4C117891-B700-4F60-BC37-91562D792A2C}.Debug|Any CPU.ActiveCfg = Debug|Any CPU
		{4C117891-B700-4F60-BC37-91562D792A2C}.Debug|Any CPU.Build.0 = Debug|Any CPU
		{4C117891-B700-4F60-BC37-91562D792A2C}.Release|Any CPU.ActiveCfg = Debug|Any CPU
		{4C117891-B700-4F60-BC37-91562D792A2C}.Release|Any CPU.Build.0 = Debug|Any CPU
	EndGlobalSection
	GlobalSection(SolutionProperties) = preSolution
		HideSolutionNode = FALSE
	EndGlobalSection
	GlobalSection(ExtensibilityGlobals) = postSolution
		SolutionGuid = {4E37E2C2-814A-4220-8F96-11ED67DC0FF2}
	EndGlobalSection
EndGlobal
